// !$*UTF8*$!
{
	archiveVersion = 1;
	classes = {
	};
	objectVersion = 46;
	objects = {

/* Begin PBXBuildFile section */
		CBEF612715D2BD6200C1A4EF /* UIKit.framework in Frameworks */ = {isa = PBXBuildFile; fileRef = CBEF612615D2BD6200C1A4EF /* UIKit.framework */; };
		CBEF612915D2BD6200C1A4EF /* Foundation.framework in Frameworks */ = {isa = PBXBuildFile; fileRef = CBEF612815D2BD6200C1A4EF /* Foundation.framework */; };
		CBEF612B15D2BD6200C1A4EF /* CoreGraphics.framework in Frameworks */ = {isa = PBXBuildFile; fileRef = CBEF612A15D2BD6200C1A4EF /* CoreGraphics.framework */; };
		CBEF613115D2BD6200C1A4EF /* InfoPlist.strings in Resources */ = {isa = PBXBuildFile; fileRef = CBEF612F15D2BD6200C1A4EF /* InfoPlist.strings */; };
		CBEF613315D2BD6200C1A4EF /* main.m in Sources */ = {isa = PBXBuildFile; fileRef = CBEF613215D2BD6200C1A4EF /* main.m */; };
		CBEF613715D2BD6200C1A4EF /* AppDelegate.m in Sources */ = {isa = PBXBuildFile; fileRef = CBEF613615D2BD6200C1A4EF /* AppDelegate.m */; };
		CBEF613A15D2BD6200C1A4EF /* MainStoryboard.storyboard in Resources */ = {isa = PBXBuildFile; fileRef = CBEF613815D2BD6200C1A4EF /* MainStoryboard.storyboard */; };
		CBEF613D15D2BD6200C1A4EF /* ViewController.m in Sources */ = {isa = PBXBuildFile; fileRef = CBEF613C15D2BD6200C1A4EF /* ViewController.m */; };
		CBEF614715D2BF7000C1A4EF /* KMXMLParser.m in Sources */ = {isa = PBXBuildFile; fileRef = CBEF614415D2BF7000C1A4EF /* KMXMLParser.m */; };
		CBEF614A15D3A07000C1A4EF /* gears.png in Resources */ = {isa = PBXBuildFile; fileRef = CBEF614915D3A06F00C1A4EF /* gears.png */; };
		CBEF614C15D3A19300C1A4EF /* rss.png in Resources */ = {isa = PBXBuildFile; fileRef = CBEF614B15D3A19300C1A4EF /* rss.png */; };
		CBEF614F15D3A4CD00C1A4EF /* SettingsViewController.m in Sources */ = {isa = PBXBuildFile; fileRef = CBEF614E15D3A4CD00C1A4EF /* SettingsViewController.m */; };
		CBEF615615D3AF2D00C1A4EF /* Preferences.m in Sources */ = {isa = PBXBuildFile; fileRef = CBEF615515D3AF2D00C1A4EF /* Preferences.m */; };
/* End PBXBuildFile section */

/* Begin PBXFileReference section */
		CBEF612215D2BD6200C1A4EF /* GoListen.app */ = {isa = PBXFileReference; explicitFileType = wrapper.application; includeInIndex = 0; path = GoListen.app; sourceTree = BUILT_PRODUCTS_DIR; };
		CBEF612615D2BD6200C1A4EF /* UIKit.framework */ = {isa = PBXFileReference; lastKnownFileType = wrapper.framework; name = UIKit.framework; path = System/Library/Frameworks/UIKit.framework; sourceTree = SDKROOT; };
		CBEF612815D2BD6200C1A4EF /* Foundation.framework */ = {isa = PBXFileReference; lastKnownFileType = wrapper.framework; name = Foundation.framework; path = System/Library/Frameworks/Foundation.framework; sourceTree = SDKROOT; };
		CBEF612A15D2BD6200C1A4EF /* CoreGraphics.framework */ = {isa = PBXFileReference; lastKnownFileType = wrapper.framework; name = CoreGraphics.framework; path = System/Library/Frameworks/CoreGraphics.framework; sourceTree = SDKROOT; };
		CBEF612E15D2BD6200C1A4EF /* GoListen-Info.plist */ = {isa = PBXFileReference; lastKnownFileType = text.plist.xml; path = "GoListen-Info.plist"; sourceTree = "<group>"; };
		CBEF613015D2BD6200C1A4EF /* en */ = {isa = PBXFileReference; lastKnownFileType = text.plist.strings; name = en; path = en.lproj/InfoPlist.strings; sourceTree = "<group>"; };
		CBEF613215D2BD6200C1A4EF /* main.m */ = {isa = PBXFileReference; lastKnownFileType = sourcecode.c.objc; path = main.m; sourceTree = "<group>"; };
		CBEF613415D2BD6200C1A4EF /* GoListen-Prefix.pch */ = {isa = PBXFileReference; lastKnownFileType = sourcecode.c.h; path = "GoListen-Prefix.pch"; sourceTree = "<group>"; };
		CBEF613515D2BD6200C1A4EF /* AppDelegate.h */ = {isa = PBXFileReference; lastKnownFileType = sourcecode.c.h; path = AppDelegate.h; sourceTree = "<group>"; };
		CBEF613615D2BD6200C1A4EF /* AppDelegate.m */ = {isa = PBXFileReference; lastKnownFileType = sourcecode.c.objc; path = AppDelegate.m; sourceTree = "<group>"; };
		CBEF613915D2BD6200C1A4EF /* en */ = {isa = PBXFileReference; lastKnownFileType = file.storyboard; name = en; path = en.lproj/MainStoryboard.storyboard; sourceTree = "<group>"; };
		CBEF613B15D2BD6200C1A4EF /* ViewController.h */ = {isa = PBXFileReference; lastKnownFileType = sourcecode.c.h; path = ViewController.h; sourceTree = "<group>"; };
		CBEF613C15D2BD6200C1A4EF /* ViewController.m */ = {isa = PBXFileReference; lastKnownFileType = sourcecode.c.objc; path = ViewController.m; sourceTree = "<group>"; };
		CBEF614315D2BF7000C1A4EF /* KMXMLParser.h */ = {isa = PBXFileReference; fileEncoding = 4; lastKnownFileType = sourcecode.c.h; path = KMXMLParser.h; sourceTree = "<group>"; };
		CBEF614415D2BF7000C1A4EF /* KMXMLParser.m */ = {isa = PBXFileReference; fileEncoding = 4; lastKnownFileType = sourcecode.c.objc; path = KMXMLParser.m; sourceTree = "<group>"; };
		CBEF614915D3A06F00C1A4EF /* gears.png */ = {isa = PBXFileReference; lastKnownFileType = image.png; path = gears.png; sourceTree = "<group>"; };
		CBEF614B15D3A19300C1A4EF /* rss.png */ = {isa = PBXFileReference; lastKnownFileType = image.png; path = rss.png; sourceTree = "<group>"; };
		CBEF614D15D3A4CD00C1A4EF /* SettingsViewController.h */ = {isa = PBXFileReference; fileEncoding = 4; lastKnownFileType = sourcecode.c.h; path = SettingsViewController.h; sourceTree = "<group>"; };
		CBEF614E15D3A4CD00C1A4EF /* SettingsViewController.m */ = {isa = PBXFileReference; fileEncoding = 4; lastKnownFileType = sourcecode.c.objc; path = SettingsViewController.m; sourceTree = "<group>"; };
		CBEF615415D3AF2C00C1A4EF /* Preferences.h */ = {isa = PBXFileReference; fileEncoding = 4; lastKnownFileType = sourcecode.c.h; path = Preferences.h; sourceTree = "<group>"; };
		CBEF615515D3AF2D00C1A4EF /* Preferences.m */ = {isa = PBXFileReference; fileEncoding = 4; lastKnownFileType = sourcecode.c.objc; path = Preferences.m; sourceTree = "<group>"; };
/* End PBXFileReference section */

/* Begin PBXFrameworksBuildPhase section */
		CBEF611F15D2BD6200C1A4EF /* Frameworks */ = {
			isa = PBXFrameworksBuildPhase;
			buildActionMask = 2147483647;
			files = (
				CBEF612715D2BD6200C1A4EF /* UIKit.framework in Frameworks */,
				CBEF612915D2BD6200C1A4EF /* Foundation.framework in Frameworks */,
				CBEF612B15D2BD6200C1A4EF /* CoreGraphics.framework in Frameworks */,
			);
			runOnlyForDeploymentPostprocessing = 0;
		};
/* End PBXFrameworksBuildPhase section */

/* Begin PBXGroup section */
		CBEF611715D2BD6200C1A4EF = {
			isa = PBXGroup;
			children = (
				CBEF612C15D2BD6200C1A4EF /* GoListen */,
				CBEF612515D2BD6200C1A4EF /* Frameworks */,
				CBEF612315D2BD6200C1A4EF /* Products */,
			);
			sourceTree = "<group>";
		};
		CBEF612315D2BD6200C1A4EF /* Products */ = {
			isa = PBXGroup;
			children = (
				CBEF612215D2BD6200C1A4EF /* GoListen.app */,
			);
			name = Products;
			sourceTree = "<group>";
		};
		CBEF612515D2BD6200C1A4EF /* Frameworks */ = {
			isa = PBXGroup;
			children = (
				CBEF612615D2BD6200C1A4EF /* UIKit.framework */,
				CBEF612815D2BD6200C1A4EF /* Foundation.framework */,
				CBEF612A15D2BD6200C1A4EF /* CoreGraphics.framework */,
			);
			name = Frameworks;
			sourceTree = "<group>";
		};
		CBEF612C15D2BD6200C1A4EF /* GoListen */ = {
			isa = PBXGroup;
			children = (
				CBEF614915D3A06F00C1A4EF /* gears.png */,
				CBEF614B15D3A19300C1A4EF /* rss.png */,
				CBEF613515D2BD6200C1A4EF /* AppDelegate.h */,
				CBEF613615D2BD6200C1A4EF /* AppDelegate.m */,
				CBEF615415D3AF2C00C1A4EF /* Preferences.h */,
				CBEF615515D3AF2D00C1A4EF /* Preferences.m */,
				CBEF613815D2BD6200C1A4EF /* MainStoryboard.storyboard */,
				CBEF614D15D3A4CD00C1A4EF /* SettingsViewController.h */,
				CBEF614E15D3A4CD00C1A4EF /* SettingsViewController.m */,
				CBEF613B15D2BD6200C1A4EF /* ViewController.h */,
				CBEF613C15D2BD6200C1A4EF /* ViewController.m */,
				CBEF614315D2BF7000C1A4EF /* KMXMLParser.h */,
				CBEF614415D2BF7000C1A4EF /* KMXMLParser.m */,
				CBEF612D15D2BD6200C1A4EF /* Supporting Files */,
			);
			path = GoListen;
			sourceTree = "<group>";
		};
		CBEF612D15D2BD6200C1A4EF /* Supporting Files */ = {
			isa = PBXGroup;
			children = (
				CBEF612E15D2BD6200C1A4EF /* GoListen-Info.plist */,
				CBEF612F15D2BD6200C1A4EF /* InfoPlist.strings */,
				CBEF613215D2BD6200C1A4EF /* main.m */,
				CBEF613415D2BD6200C1A4EF /* GoListen-Prefix.pch */,
			);
			name = "Supporting Files";
			sourceTree = "<group>";
		};
/* End PBXGroup section */

/* Begin PBXNativeTarget section */
		CBEF612115D2BD6200C1A4EF /* GoListen */ = {
			isa = PBXNativeTarget;
			buildConfigurationList = CBEF614015D2BD6200C1A4EF /* Build configuration list for PBXNativeTarget "GoListen" */;
			buildPhases = (
				CBEF611E15D2BD6200C1A4EF /* Sources */,
				CBEF611F15D2BD6200C1A4EF /* Frameworks */,
				CBEF612015D2BD6200C1A4EF /* Resources */,
			);
			buildRules = (
			);
			dependencies = (
			);
			name = GoListen;
			productName = GoListen;
			productReference = CBEF612215D2BD6200C1A4EF /* GoListen.app */;
			productType = "com.apple.product-type.application";
		};
/* End PBXNativeTarget section */

/* Begin PBXProject section */
		CBEF611915D2BD6200C1A4EF /* Project object */ = {
			isa = PBXProject;
			attributes = {
				LastUpgradeCheck = 0430;
			};
			buildConfigurationList = CBEF611C15D2BD6200C1A4EF /* Build configuration list for PBXProject "GoListen" */;
			compatibilityVersion = "Xcode 3.2";
			developmentRegion = English;
			hasScannedForEncodings = 0;
			knownRegions = (
				en,
			);
			mainGroup = CBEF611715D2BD6200C1A4EF;
			productRefGroup = CBEF612315D2BD6200C1A4EF /* Products */;
			projectDirPath = "";
			projectRoot = "";
			targets = (
				CBEF612115D2BD6200C1A4EF /* GoListen */,
			);
		};
/* End PBXProject section */

/* Begin PBXResourcesBuildPhase section */
		CBEF612015D2BD6200C1A4EF /* Resources */ = {
			isa = PBXResourcesBuildPhase;
			buildActionMask = 2147483647;
			files = (
				CBEF613115D2BD6200C1A4EF /* InfoPlist.strings in Resources */,
				CBEF613A15D2BD6200C1A4EF /* MainStoryboard.storyboard in Resources */,
				CBEF614A15D3A07000C1A4EF /* gears.png in Resources */,
				CBEF614C15D3A19300C1A4EF /* rss.png in Resources */,
			);
			runOnlyForDeploymentPostprocessing = 0;
		};
/* End PBXResourcesBuildPhase section */

/* Begin PBXSourcesBuildPhase section */
		CBEF611E15D2BD6200C1A4EF /* Sources */ = {
			isa = PBXSourcesBuildPhase;
			buildActionMask = 2147483647;
			files = (
				CBEF613315D2BD6200C1A4EF /* main.m in Sources */,
				CBEF613715D2BD6200C1A4EF /* AppDelegate.m in Sources */,
				CBEF613D15D2BD6200C1A4EF /* ViewController.m in Sources */,
				CBEF614715D2BF7000C1A4EF /* KMXMLParser.m in Sources */,
				CBEF614F15D3A4CD00C1A4EF /* SettingsViewController.m in Sources */,
				CBEF615615D3AF2D00C1A4EF /* Preferences.m in Sources */,
			);
			runOnlyForDeploymentPostprocessing = 0;
		};
/* End PBXSourcesBuildPhase section */

/* Begin PBXVariantGroup section */
		CBEF612F15D2BD6200C1A4EF /* InfoPlist.strings */ = {
			isa = PBXVariantGroup;
			children = (
				CBEF613015D2BD6200C1A4EF /* en */,
			);
			name = InfoPlist.strings;
			sourceTree = "<group>";
		};
		CBEF613815D2BD6200C1A4EF /* MainStoryboard.storyboard */ = {
			isa = PBXVariantGroup;
			children = (
				CBEF613915D2BD6200C1A4EF /* en */,
			);
			name = MainStoryboard.storyboard;
			sourceTree = "<group>";
		};
/* End PBXVariantGroup section */

/* Begin XCBuildConfiguration section */
		CBEF613E15D2BD6200C1A4EF /* Debug */ = {
			isa = XCBuildConfiguration;
			buildSettings = {
				ALWAYS_SEARCH_USER_PATHS = NO;
				ARCHS = "$(ARCHS_STANDARD_32_BIT)";
				CLANG_ENABLE_OBJC_ARC = YES;
				"CODE_SIGN_IDENTITY[sdk=iphoneos*]" = "iPhone Developer";
				COPY_PHASE_STRIP = NO;
				GCC_C_LANGUAGE_STANDARD = gnu99;
				GCC_DYNAMIC_NO_PIC = NO;
				GCC_OPTIMIZATION_LEVEL = 0;
				GCC_PREPROCESSOR_DEFINITIONS = (
					"DEBUG=1",
					"$(inherited)",
				);
				GCC_SYMBOLS_PRIVATE_EXTERN = NO;
				GCC_VERSION = com.apple.compilers.llvm.clang.1_0;
				GCC_WARN_ABOUT_RETURN_TYPE = YES;
				GCC_WARN_UNINITIALIZED_AUTOS = YES;
				GCC_WARN_UNUSED_VARIABLE = YES;
				IPHONEOS_DEPLOYMENT_TARGET = 5.1;
				SDKROOT = iphoneos;
			};
			name = Debug;
		};
		CBEF613F15D2BD6200C1A4EF /* Release */ = {
			isa = XCBuildConfiguration;
			buildSettings = {
				ALWAYS_SEARCH_USER_PATHS = NO;
				ARCHS = "$(ARCHS_STANDARD_32_BIT)";
				CLANG_ENABLE_OBJC_ARC = YES;
				"CODE_SIGN_IDENTITY[sdk=iphoneos*]" = "iPhone Developer";
				COPY_PHASE_STRIP = YES;
				GCC_C_LANGUAGE_STANDARD = gnu99;
				GCC_VERSION = com.apple.compilers.llvm.clang.1_0;
				GCC_WARN_ABOUT_RETURN_TYPE = YES;
				GCC_WARN_UNINITIALIZED_AUTOS = YES;
				GCC_WARN_UNUSED_VARIABLE = YES;
				IPHONEOS_DEPLOYMENT_TARGET = 5.1;
				OTHER_CFLAGS = "-DNS_BLOCK_ASSERTIONS=1";
				SDKROOT = iphoneos;
				VALIDATE_PRODUCT = YES;
			};
			name = Release;
		};
		CBEF614115D2BD6200C1A4EF /* Debug */ = {
			isa = XCBuildConfiguration;
			buildSettings = {
				GCC_PRECOMPILE_PREFIX_HEADER = YES;
				GCC_PREFIX_HEADER = "GoListen/GoListen-Prefix.pch";
				INFOPLIST_FILE = "GoListen/GoListen-Info.plist";
				PRODUCT_NAME = "$(TARGET_NAME)";
				WRAPPER_EXTENSION = app;
			};
			name = Debug;
		};
		CBEF614215D2BD6200C1A4EF /* Release */ = {
			isa = XCBuildConfiguration;
			buildSettings = {
				GCC_PRECOMPILE_PREFIX_HEADER = YES;
				GCC_PREFIX_HEADER = "GoListen/GoListen-Prefix.pch";
				INFOPLIST_FILE = "GoListen/GoListen-Info.plist";
				PRODUCT_NAME = "$(TARGET_NAME)";
				WRAPPER_EXTENSION = app;
			};
			name = Release;
		};
/* End XCBuildConfiguration section */

/* Begin XCConfigurationList section */
		CBEF611C15D2BD6200C1A4EF /* Build configuration list for PBXProject "GoListen" */ = {
			isa = XCConfigurationList;
			buildConfigurations = (
				CBEF613E15D2BD6200C1A4EF /* Debug */,
				CBEF613F15D2BD6200C1A4EF /* Release */,
			);
			defaultConfigurationIsVisible = 0;
			defaultConfigurationName = Release;
		};
		CBEF614015D2BD6200C1A4EF /* Build configuration list for PBXNativeTarget "GoListen" */ = {
			isa = XCConfigurationList;
			buildConfigurations = (
				CBEF614115D2BD6200C1A4EF /* Debug */,
				CBEF614215D2BD6200C1A4EF /* Release */,
			);
			defaultConfigurationIsVisible = 0;
		};
/* End XCConfigurationList section */
	};
	rootObject = CBEF611915D2BD6200C1A4EF /* Project object */;
}
